{
  "name": "@nrfcloud/validate-with-typebox",
  "version": "0.0.0-development",
  "lockfileVersion": 3,
  "requires": true,
  "packages": {
    "": {
      "name": "@nrfcloud/validate-with-typebox",
      "version": "0.0.0-development",
      "license": "BSD-3-Clause",
      "devDependencies": {
        "@bifravst/prettier-config": "1.1.13",
        "@types/node": "25.3.0",
        "@typescript/native-preview": "7.0.0-dev.20260220.1",
        "prettier": "3.6.2"
      },
      "engines": {
        "node": ">=24",
        "npm": ">=11"
      },
      "peerDependencies": {
        "@sinclair/typebox": "0.34.48"
      }
    },
    "node_modules/@bifravst/prettier-config": {
      "version": "1.1.13",
      "resolved": "https://registry.npmjs.org/@bifravst/prettier-config/-/prettier-config-1.1.13.tgz",
      "integrity": "sha512-gMwj+oslFB8R5yEv/LASRJrWljmdclL5khSxA6hYglowsoQtI53HfkhYP4L13zNhFCbQL0dh1/dpuT+pD0Cozw==",
      "dev": true,
      "license": "BSD-3-Clause",
      "dependencies": {
        "prettier": "3.6.2",
        "prettier-plugin-organize-imports": "4.3.0"
      },
      "engines": {
        "node": ">=22",
        "npm": ">=10"
      }
    },
    "node_modules/@sinclair/typebox": {
      "version": "0.34.48",
      "resolved": "https://registry.npmjs.org/@sinclair/typebox/-/typebox-0.34.48.tgz",
      "integrity": "sha512-kKJTNuK3AQOrgjjotVxMrCn1sUJwM76wMszfq1kdU4uYVJjvEWuFQ6HgvLt4Xz3fSmZlTOxJ/Ie13KnIcWQXFA==",
      "license": "MIT",
      "peer": true
    },
    "node_modules/@types/node": {
      "version": "25.3.0",
      "resolved": "https://registry.npmjs.org/@types/node/-/node-25.3.0.tgz",
      "integrity": "sha512-4K3bqJpXpqfg2XKGK9bpDTc6xO/xoUP/RBWS7AtRMug6zZFaRekiLzjVtAoZMquxoAbzBvy5nxQ7veS5eYzf8A==",
      "dev": true,
      "license": "MIT",
      "dependencies": {
        "undici-types": "~7.18.0"
      }
    },
    "node_modules/@typescript/native-preview": {
      "version": "7.0.0-dev.20260220.1",
      "resolved": "https://registry.npmjs.org/@typescript/native-preview/-/native-preview-7.0.0-dev.20260220.1.tgz",
      "integrity": "sha512-trYXlG98/C7Q7pqnPrKo+ksXrWqWVMncCy2x0VftD2llfL99Z//g2mpB9TmzWeKgb4d1659ESvxTowCGnzMccw==",
      "dev": true,
      "license": "Apache-2.0",
      "bin": {
        "tsgo": "bin/tsgo.js"
      },
      "optionalDependencies": {
        "@typescript/native-preview-darwin-arm64": "7.0.0-dev.20260220.1",
        "@typescript/native-preview-darwin-x64": "7.0.0-dev.20260220.1",
        "@typescript/native-preview-linux-arm": "7.0.0-dev.20260220.1",
        "@typescript/native-preview-linux-arm64": "7.0.0-dev.20260220.1",
        "@typescript/native-preview-linux-x64": "7.0.0-dev.20260220.1",
        "@typescript/native-preview-win32-arm64": "7.0.0-dev.20260220.1",
        "@typescript/native-preview-win32-x64": "7.0.0-dev.20260220.1"
      }
    },
    "node_modules/@typescript/native-preview-darwin-arm64": {
      "version": "7.0.0-dev.20260220.1",
      "resolved": "https://registry.npmjs.org/@typescript/native-preview-darwin-arm64/-/native-preview-darwin-arm64-7.0.0-dev.20260220.1.tgz",
      "integrity": "sha512-VZQHVaLYTpa3wfCLcFD5cfnegr4iDtzBxV6yh3tys+HYePi4TXuAqct/dmziW0cpCo/UQ2KqAPGxwVO3YMDYJA==",
      "cpu": [
        "arm64"
      ],
      "dev": true,
      "license": "Apache-2.0",
      "optional": true,
      "os": [
        "darwin"
      ]
    },
    "node_modules/@typescript/native-preview-darwin-x64": {
      "version": "7.0.0-dev.20260220.1",
      "resolved": "https://registry.npmjs.org/@typescript/native-preview-darwin-x64/-/native-preview-darwin-x64-7.0.0-dev.20260220.1.tgz",
      "integrity": "sha512-ieGtyz904rlme8YWauDpCqGbnOQQ5dzUyRKU25I7MNIaoZFf0vK5gMh3SLjHC7ayWxjrCa2ezH4ka8UmyWQcPg==",
      "cpu": [
        "x64"
      ],
      "dev": true,
      "license": "Apache-2.0",
      "optional": true,
      "os": [
        "darwin"
      ]
    },
    "node_modules/@typescript/native-preview-linux-arm": {
      "version": "7.0.0-dev.20260220.1",
      "resolved": "https://registry.npmjs.org/@typescript/native-preview-linux-arm/-/native-preview-linux-arm-7.0.0-dev.20260220.1.tgz",
      "integrity": "sha512-wMA63N6XLAkO0Ibq1Qz2zkQHF6oLynYh5+q1YayzWxp1FOas0oJUdNgVbiWeisAT4IEI9SmYtVwJJNTm/cwrwg==",
      "cpu": [
        "arm"
      ],
      "dev": true,
      "license": "Apache-2.0",
      "optional": true,
      "os": [
        "linux"
      ]
    },
    "node_modules/@typescript/native-preview-linux-arm64": {
      "version": "7.0.0-dev.20260220.1",
      "resolved": "https://registry.npmjs.org/@typescript/native-preview-linux-arm64/-/native-preview-linux-arm64-7.0.0-dev.20260220.1.tgz",
      "integrity": "sha512-nlOOABSQUe6ix/KOsZS3ALZ/sg9rhtp6SKtQnXO8X4+2XUlwVYS6nIrAQ5jG4+OsCvcESttNeHhBw817uNrsuA==",
      "cpu": [
        "arm64"
      ],
      "dev": true,
      "license": "Apache-2.0",
      "optional": true,
      "os": [
        "linux"
      ]
    },
    "node_modules/@typescript/native-preview-linux-x64": {
      "version": "7.0.0-dev.20260220.1",
      "resolved": "https://registry.npmjs.org/@typescript/native-preview-linux-x64/-/native-preview-linux-x64-7.0.0-dev.20260220.1.tgz",
      "integrity": "sha512-W7R/5ct/BGuPAmJuKFU0ZuLU2nzLA26XfoaoUHHoTLYRMMuY3LBv+7zKSUTlSGjayeWQ5KtDrfrY72LarWAXkQ==",
      "cpu": [
        "x64"
      ],
      "dev": true,
      "license": "Apache-2.0",
      "optional": true,
      "os": [
        "linux"
      ]
    },
    "node_modules/@typescript/native-preview-win32-arm64": {
      "version": "7.0.0-dev.20260220.1",
      "resolved": "https://registry.npmjs.org/@typescript/native-preview-win32-arm64/-/native-preview-win32-arm64-7.0.0-dev.20260220.1.tgz",
      "integrity": "sha512-FNXTr2lS1QLUB05jWjkBVwrDierNuxKduQq9ayloENJrsC8GfG1sXkfy8R021+ozP/D1LI/CFUn3hkB2vPXTsQ==",
      "cpu": [
        "arm64"
      ],
      "dev": true,
      "license": "Apache-2.0",
      "optional": true,
      "os": [
        "win32"
      ]
    },
    "node_modules/@typescript/native-preview-win32-x64": {
      "version": "7.0.0-dev.20260220.1",
      "resolved": "https://registry.npmjs.org/@typescript/native-preview-win32-x64/-/native-preview-win32-x64-7.0.0-dev.20260220.1.tgz",
      "integrity": "sha512-byHRyf4dOuKOADrs43tWyPhmAgqk+XrA/XOsJnGsxUKxPwots+gf9x5kg/IxTbB3QjPsVe/V9QdMl3//sUTCmQ==",
      "cpu": [
        "x64"
      ],
      "dev": true,
      "license": "Apache-2.0",
      "optional": true,
      "os": [
        "win32"
      ]
    },
    "node_modules/prettier": {
      "version": "3.6.2",
      "resolved": "https://registry.npmjs.org/prettier/-/prettier-3.6.2.tgz",
      "integrity": "sha512-I7AIg5boAr5R0FFtJ6rCfD+LFsWHp81dolrFD8S79U9tb8Az2nGrJncnMSnys+bpQJfRUzqs9hnA81OAA3hCuQ==",
      "dev": true,
      "license": "MIT",
      "bin": {
        "prettier": "bin/prettier.cjs"
      },
      "engines": {
        "node": ">=14"
      },
      "funding": {
        "url": "https://github.com/prettier/prettier?sponsor=1"
      }
    },
    "node_modules/prettier-plugin-organize-imports": {
      "version": "4.3.0",
      "resolved": "https://registry.npmjs.org/prettier-plugin-organize-imports/-/prettier-plugin-organize-imports-4.3.0.tgz",
      "integrity": "sha512-FxFz0qFhyBsGdIsb697f/EkvHzi5SZOhWAjxcx2dLt+Q532bAlhswcXGYB1yzjZ69kW8UoadFBw7TyNwlq96Iw==",
      "dev": true,
      "license": "MIT",
      "peerDependencies": {
        "prettier": ">=2.0",
        "typescript": ">=2.9",
        "vue-tsc": "^2.1.0 || 3"
      },
      "peerDependenciesMeta": {
        "vue-tsc": {
          "optional": true
        }
      }
    },
    "node_modules/typescript": {
      "version": "5.9.3",
      "resolved": "https://registry.npmjs.org/typescript/-/typescript-5.9.3.tgz",
      "integrity": "sha512-jl1vZzPDinLr9eUt3J/t7V6FgNEw9QjvBPdysz9KfQDD41fQrC2Y4vKQdiaUpFT4bXlb1RHhLpp8wtm6M5TgSw==",
      "dev": true,
      "license": "Apache-2.0",
      "peer": true,
      "bin": {
        "tsc": "bin/tsc",
        "tsserver": "bin/tsserver"
      },
      "engines": {
        "node": ">=14.17"
      }
    },
    "node_modules/undici-types": {
      "version": "7.18.2",
      "resolved": "https://registry.npmjs.org/undici-types/-/undici-types-7.18.2.tgz",
      "integrity": "sha512-AsuCzffGHJybSaRrmr5eHr81mwJU3kjw6M+uprWvCXiNeN9SOGwQ3Jn8jb8m3Z6izVgknn1R0FTCEAP2QrLY/w==",
      "dev": true,
      "license": "MIT"
    }
  }
}
